{
  "lockfileVersion": 2,
  "configVersion": 1,
  "workspaces": {
    "": {
      "name": "centaury-monorepo",
      "devDependencies": {
        "@types/bun": "latest",
        "happy-dom": "^17.1.8",
        "typescript": "^5.8.2",
        "zod": "^3.24.2",
      },
    },
    "examples/showcase-app": {
      "name": "centaury-showcase-app",
      "version": "1.0.0-alpha",
      "dependencies": {
        "@centaury-ai/agent": "workspace:*",
        "@centaury-ai/astra": "workspace:*",
        "@centaury-ai/core": "workspace:*",
        "@centaury-ai/ephemeral": "workspace:*",
        "@centaury-ai/signals": "workspace:*",
        "zod": "^3.24.2",
      },
    },
    "packages/agent": {
      "name": "@centaury-ai/agent",
      "version": "1.0.0-alpha",
      "dependencies": {
        "@centaury-ai/core": "workspace:*",
      },
    },
    "packages/astra": {
      "name": "@centaury-ai/astra",
      "version": "1.0.0-alpha",
      "dependencies": {
        "@centaury-ai/core": "workspace:*",
      },
      "devDependencies": {
        "happy-dom": "^17.1.8",
      },
    },
    "packages/centaury": {
      "name": "centaury",
      "version": "1.0.0-alpha",
      "bin": {
        "centaury": "./bin/centaury.js",
      },
      "dependencies": {
        "@centaury-ai/cli": "workspace:*",
        "@centaury-ai/core": "workspace:*",
        "@centaury-ai/signals": "workspace:*",
        "@centaury-ai/sse": "workspace:*",
      },
    },
    "packages/cli": {
      "name": "@centaury-ai/cli",
      "version": "1.0.0-alpha",
      "bin": {
        "centaury": "./bin/centaury.js",
      },
      "dependencies": {
        "@centaury-ai/core": "workspace:*",
      },
    },
    "packages/core": {
      "name": "@centaury-ai/core",
      "version": "1.0.0-alpha",
      "dependencies": {
        "zod": "^3.24.2",
      },
      "peerDependencies": {
        "typescript": "^5.8.0",
      },
    },
    "packages/ephemeral": {
      "name": "@centaury-ai/ephemeral",
      "version": "1.0.0-alpha",
      "dependencies": {
        "@centaury-ai/signals": "workspace:*",
      },
      "devDependencies": {
        "happy-dom": "^17.1.8",
      },
    },
    "packages/signals": {
      "name": "@centaury-ai/signals",
      "version": "1.0.0-alpha",
      "devDependencies": {
        "happy-dom": "^17.1.8",
      },
    },
    "packages/sse": {
      "name": "@centaury-ai/sse",
      "version": "1.0.0-alpha",
      "dependencies": {
        "@centaury-ai/core": "workspace:*",
      },
      "peerDependencies": {
        "typescript": "^5.8.0",
      },
    },
  },
  "packages": {
    "@centaury-ai/agent": ["@centaury-ai/agent@workspace:packages/agent"],

    "@centaury-ai/astra": ["@centaury-ai/astra@workspace:packages/astra"],

    "@centaury-ai/cli": ["@centaury-ai/cli@workspace:packages/cli"],

    "@centaury-ai/core": ["@centaury-ai/core@workspace:packages/core"],

    "@centaury-ai/ephemeral": ["@centaury-ai/ephemeral@workspace:packages/ephemeral"],

    "@centaury-ai/signals": ["@centaury-ai/signals@workspace:packages/signals"],

    "@centaury-ai/sse": ["@centaury-ai/sse@workspace:packages/sse"],

    "@types/bun": ["@types/bun@1.4.2", "", { "dependencies": { "bun-types": "1.4.2" } }, "sha512-GimotNn7+ZV0uVArItBbriZsR1oNf0+WTzPkdcFrzShI7k2norL0uzEaJT8T33dWr7O/c9ZDuAFQrctKCi72oQ=="],

    "@types/node": ["@types/node@26.6.4", "", { "dependencies": { "undici-types": "~8.9.0" } }, "sha512-ldVPDCzj7fsaGZrLB0NuHuTvJcsNasysBAqMolr/cgxrLd1xbqxIr3XJiPnHHJUCxj5sNF1vnRj9aWnrVh5Jcg=="],

    "bun-types": ["bun-types@1.4.2", "", { "dependencies": { "@types/node": "*" } }, "sha512-bxV1FgK7yBIzjRe5zBozIM4Bem11ZJcCXSrjWRG3YWLt8yFDePu4cLjpebO8OvPeIE9trbyPF4fuj3Cia4Fj3w=="],

    "centaury": ["centaury@workspace:packages/centaury"],

    "centaury-showcase-app": ["centaury-showcase-app@workspace:examples/showcase-app"],

    "happy-dom": ["happy-dom@17.6.3", "", { "dependencies": { "webidl-conversions": "^7.0.0", "whatwg-mimetype": "^3.0.0" } }, "sha512-UVIHeVhxmxedbWPCfgS55Jg2rDfwf2BCKeylcPSqazLz5w3Kri7Q4xdBJubsr/+VUzFLh0VjIvh13RaDA2/Xug=="],

    "typescript": ["typescript@5.9.3", "", { "bin": { "tsc": "bin/tsc", "tsserver": "bin/tsserver" } }, "sha512-jl1vZzPDinLr9eUt3J/t7V6FgNEw9QjvBPdysz9KfQDD41fQrC2Y4vKQdiaUpFT4bXlb1RHhLpp8wtm6M5TgSw=="],

    "undici-types": ["undici-types@8.9.0", "", {}, "sha512-KTDyRTYX8sWmKXAikPHHSyc63CRPETMctyjKFupcC6OBLXT3xsN0e9aF7m+mIXutFWpUXuedtowG7iLOzp0kQg=="],

    "webidl-conversions": ["webidl-conversions@7.0.0", "", {}, "sha512-VwddBukDzu71offAQR975unBIGqfKZpM+8ZX6ySk8nYhVoo5CYaZyzt3YBvYtRtO+aoGlqxPg/B87NGVZ/fu6g=="],

    "whatwg-mimetype": ["whatwg-mimetype@3.0.0", "", {}, "sha512-nt+N2dzIutVRxARx1nghPKGv1xHikU7HKdfafKkLNLindmPU/ch3U31NOCGGA/dmPcmb1VlofO0vnKAcsm0o/Q=="],

    "zod": ["zod@3.25.76", "", {}, "sha512-gzUt/qt81nXsFGKIFcC3YnfEAx5NkunCfnDlvuBSSFS02bcXu4Lmea0AFIUwbLWxWPx3d9p8S5QoaujKcNQxcQ=="],
  }
}
